
Microsoft Visual Studio Solution File, Format Version 12.00
# Visual Studio Version 17
VisualStudioVersion = 17.8.34227.203
MinimumVisualStudioVersion = 10.0.40219.1
Project("{2150E333-8FDC-42A3-9474-1A3956D46DE8}") = "ソリューション項目", "ソリューション項目", "{0AB13810-B0FD-4EC2-9214-E84AA2FA345B}"
	ProjectSection(SolutionItems) = preProject
		LICENSE = LICENSE
		README.md = README.md
	EndProjectSection
EndProject
Project("{9A19103F-16F7-4668-BE54-9A1E7A4F7556}") = "CapriciousUI.Wpf", "CapriciousUI.Wpf\CapriciousUI.Wpf.csproj", "{C108B223-6AFD-4CCC-BEE7-AFABADCC5286}"
EndProject
Project("{FAE04EC0-301F-11D3-BF4B-00C04F79EFBC}") = "CapriciousUI.Wpf.Sample", "CapriciousUI.Wpf.Sample\CapriciousUI.Wpf.Sample.csproj", "{42353704-54C4-4F3A-978B-A605D582AC2E}"
EndProject
Global
	GlobalSection(SolutionConfigurationPlatforms) = preSolution
		Debug|Any CPU = Debug|Any CPU
		Release|Any CPU = Release|Any CPU
	EndGlobalSection
	GlobalSection(ProjectConfigurationPlatforms) = postSolution
		{C108B223-6AFD-4CCC-BEE7-AFABADCC5286}.Debug|Any CPU.ActiveCfg = Debug|Any CPU
		{C108B223-6AFD-4CCC-BEE7-AFABADCC5286}.Debug|Any CPU.Build.0 = Debug|Any CPU
		{C108B223-6AFD-4CCC-BEE7-AFABADCC5286}.Release|Any CPU.ActiveCfg = Release|Any CPU
		{C108B223-6AFD-4CCC-BEE7-AFABADCC5286}.Release|Any CPU.Build.0 = Release|Any CPU
		{42353704-54C4-4F3A-978B-A605D582AC2E}.Debug|Any CPU.ActiveCfg = Debug|Any CPU
		{42353704-54C4-4F3A-978B-A605D582AC2E}.Debug|Any CPU.Build.0 = Debug|Any CPU
		{42353704-54C4-4F3A-978B-A605D582AC2E}.Release|Any CPU.ActiveCfg = Release|Any CPU
		{42353704-54C4-4F3A-978B-A605D582AC2E}.Release|Any CPU.Build.0 = Release|Any CPU
	EndGlobalSection
	GlobalSection(SolutionProperties) = preSolution
		HideSolutionNode = FALSE
	EndGlobalSection
	GlobalSection(ExtensibilityGlobals) = postSolution
		SolutionGuid = {853E5B72-8380-41F4-8F3D-33D33B0A5D18}
	EndGlobalSection
EndGlobal
